// !$*UTF8*$!
{
	archiveVersion = 1;
	classes = {
	};
	objectVersion = 56;
	objects = {

/* Begin PBXBuildFile section */
		0445474C291BABCA00DDCA20 /* StepColorChange2.swift in Sources */ = {isa = PBXBuildFile; fileRef = 0445474B291BABCA00DDCA20 /* StepColorChange2.swift */; };
		046E53DE2919EF8A00B8684A /* TestInputApp.swift in Sources */ = {isa = PBXBuildFile; fileRef = 046E53DD2919EF8A00B8684A /* TestInputApp.swift */; };
		046E53E02919EF8A00B8684A /* ContentView.swift in Sources */ = {isa = PBXBuildFile; fileRef = 046E53DF2919EF8A00B8684A /* ContentView.swift */; };
		046E53E22919EF8C00B8684A /* Assets.xcassets in Resources */ = {isa = PBXBuildFile; fileRef = 046E53E12919EF8C00B8684A /* Assets.xcassets */; };
		046E53E52919EF8C00B8684A /* Preview Assets.xcassets in Resources */ = {isa = PBXBuildFile; fileRef = 046E53E42919EF8C00B8684A /* Preview Assets.xcassets */; };
		046E53EF2919EF8C00B8684A /* TestInputTests.swift in Sources */ = {isa = PBXBuildFile; fileRef = 046E53EE2919EF8C00B8684A /* TestInputTests.swift */; };
		046E53F92919EF8C00B8684A /* TestInputUITests.swift in Sources */ = {isa = PBXBuildFile; fileRef = 046E53F82919EF8C00B8684A /* TestInputUITests.swift */; };
		046E53FB2919EF8C00B8684A /* TestInputUITestsLaunchTests.swift in Sources */ = {isa = PBXBuildFile; fileRef = 046E53FA2919EF8C00B8684A /* TestInputUITestsLaunchTests.swift */; };
		046E540A291A38EB00B8684A /* TestView.swift in Sources */ = {isa = PBXBuildFile; fileRef = 046E5409291A38EB00B8684A /* TestView.swift */; };
		046E540C291A3DAE00B8684A /* StepColorChange.swift in Sources */ = {isa = PBXBuildFile; fileRef = 046E540B291A3DAE00B8684A /* StepColorChange.swift */; };
		046E540E291A3E9600B8684A /* SelectDate.swift in Sources */ = {isa = PBXBuildFile; fileRef = 046E540D291A3E9600B8684A /* SelectDate.swift */; };
		046E5410291A3FF900B8684A /* CreateList.swift in Sources */ = {isa = PBXBuildFile; fileRef = 046E540F291A3FF900B8684A /* CreateList.swift */; };
		046E5412291A44F900B8684A /* TestInputNumber.swift in Sources */ = {isa = PBXBuildFile; fileRef = 046E5411291A44F900B8684A /* TestInputNumber.swift */; };
		046E5414291A674F00B8684A /* TestInputNumber2.swift in Sources */ = {isa = PBXBuildFile; fileRef = 046E5413291A674F00B8684A /* TestInputNumber2.swift */; };
		04E35275291E3A72002F8056 /* StepColorChange3.swift in Sources */ = {isa = PBXBuildFile; fileRef = 04E35274291E3A72002F8056 /* StepColorChange3.swift */; };
		04E35277291E5E89002F8056 /* SwiftUICalculateTest.swift in Sources */ = {isa = PBXBuildFile; fileRef = 04E35276291E5E89002F8056 /* SwiftUICalculateTest.swift */; };
		04E35279291E6237002F8056 /* StudyTotals.swift in Sources */ = {isa = PBXBuildFile; fileRef = 04E35278291E6237002F8056 /* StudyTotals.swift */; };
/* End PBXBuildFile section */

/* Begin PBXContainerItemProxy section */
		046E53EB2919EF8C00B8684A /* PBXContainerItemProxy */ = {
			isa = PBXContainerItemProxy;
			containerPortal = 046E53D22919EF8A00B8684A /* Project object */;
			proxyType = 1;
			remoteGlobalIDString = 046E53D92919EF8A00B8684A;
			remoteInfo = TestInput;
		};
		046E53F52919EF8C00B8684A /* PBXContainerItemProxy */ = {
			isa = PBXContainerItemProxy;
			containerPortal = 046E53D22919EF8A00B8684A /* Project object */;
			proxyType = 1;
			remoteGlobalIDString = 046E53D92919EF8A00B8684A;
			remoteInfo = TestInput;
		};
/* End PBXContainerItemProxy section */

/* Begin PBXFileReference section */
		0445474B291BABCA00DDCA20 /* StepColorChange2.swift */ = {isa = PBXFileReference; lastKnownFileType = sourcecode.swift; path = StepColorChange2.swift; sourceTree = "<group>"; };
		046E53DA2919EF8A00B8684A /* TestInput.app */ = {isa = PBXFileReference; explicitFileType = wrapper.application; includeInIndex = 0; path = TestInput.app; sourceTree = BUILT_PRODUCTS_DIR; };
		046E53DD2919EF8A00B8684A /* TestInputApp.swift */ = {isa = PBXFileReference; lastKnownFileType = sourcecode.swift; path = TestInputApp.swift; sourceTree = "<group>"; };
		046E53DF2919EF8A00B8684A /* ContentView.swift */ = {isa = PBXFileReference; lastKnownFileType = sourcecode.swift; path = ContentView.swift; sourceTree = "<group>"; };
		046E53E12919EF8C00B8684A /* Assets.xcassets */ = {isa = PBXFileReference; lastKnownFileType = folder.assetcatalog; path = Assets.xcassets; sourceTree = "<group>"; };
		046E53E42919EF8C00B8684A /* Preview Assets.xcassets */ = {isa = PBXFileReference; lastKnownFileType = folder.assetcatalog; path = "Preview Assets.xcassets"; sourceTree = "<group>"; };
		046E53EA2919EF8C00B8684A /* TestInputTests.xctest */ = {isa = PBXFileReference; explicitFileType = wrapper.cfbundle; includeInIndex = 0; path = TestInputTests.xctest; sourceTree = BUILT_PRODUCTS_DIR; };
		046E53EE2919EF8C00B8684A /* TestInputTests.swift */ = {isa = PBXFileReference; lastKnownFileType = sourcecode.swift; path = TestInputTests.swift; sourceTree = "<group>"; };
		046E53F42919EF8C00B8684A /* TestInputUITests.xctest */ = {isa = PBXFileReference; explicitFileType = wrapper.cfbundle; includeInIndex = 0; path = TestInputUITests.xctest; sourceTree = BUILT_PRODUCTS_DIR; };
		046E53F82919EF8C00B8684A /* TestInputUITests.swift */ = {isa = PBXFileReference; lastKnownFileType = sourcecode.swift; path = TestInputUITests.swift; sourceTree = "<group>"; };
		046E53FA2919EF8C00B8684A /* TestInputUITestsLaunchTests.swift */ = {isa = PBXFileReference; lastKnownFileType = sourcecode.swift; path = TestInputUITestsLaunchTests.swift; sourceTree = "<group>"; };
		046E5409291A38EB00B8684A /* TestView.swift */ = {isa = PBXFileReference; lastKnownFileType = sourcecode.swift; path = TestView.swift; sourceTree = "<group>"; };
		046E540B291A3DAE00B8684A /* StepColorChange.swift */ = {isa = PBXFileReference; lastKnownFileType = sourcecode.swift; path = StepColorChange.swift; sourceTree = "<group>"; };
		046E540D291A3E9600B8684A /* SelectDate.swift */ = {isa = PBXFileReference; lastKnownFileType = sourcecode.swift; path = SelectDate.swift; sourceTree = "<group>"; };
		046E540F291A3FF900B8684A /* CreateList.swift */ = {isa = PBXFileReference; lastKnownFileType = sourcecode.swift; path = CreateList.swift; sourceTree = "<group>"; };
		046E5411291A44F900B8684A /* TestInputNumber.swift */ = {isa = PBXFileReference; lastKnownFileType = sourcecode.swift; path = TestInputNumber.swift; sourceTree = "<group>"; };
		046E5413291A674F00B8684A /* TestInputNumber2.swift */ = {isa = PBXFileReference; lastKnownFileType = sourcecode.swift; path = TestInputNumber2.swift; sourceTree = "<group>"; };
		04E35274291E3A72002F8056 /* StepColorChange3.swift */ = {isa = PBXFileReference; lastKnownFileType = sourcecode.swift; path = StepColorChange3.swift; sourceTree = "<group>"; };
		04E35276291E5E89002F8056 /* SwiftUICalculateTest.swift */ = {isa = PBXFileReference; lastKnownFileType = sourcecode.swift; path = SwiftUICalculateTest.swift; sourceTree = "<group>"; };
		04E35278291E6237002F8056 /* StudyTotals.swift */ = {isa = PBXFileReference; lastKnownFileType = sourcecode.swift; path = StudyTotals.swift; sourceTree = "<group>"; };
/* End PBXFileReference section */

/* Begin PBXFrameworksBuildPhase section */
		046E53D72919EF8A00B8684A /* Frameworks */ = {
			isa = PBXFrameworksBuildPhase;
			buildActionMask = 2147483647;
			files = (
			);
			runOnlyForDeploymentPostprocessing = 0;
		};
		046E53E72919EF8C00B8684A /* Frameworks */ = {
			isa = PBXFrameworksBuildPhase;
			buildActionMask = 2147483647;
			files = (
			);
			runOnlyForDeploymentPostprocessing = 0;
		};
		046E53F12919EF8C00B8684A /* Frameworks */ = {
			isa = PBXFrameworksBuildPhase;
			buildActionMask = 2147483647;
			files = (
			);
			runOnlyForDeploymentPostprocessing = 0;
		};
/* End PBXFrameworksBuildPhase section */

/* Begin PBXGroup section */
		046E53D12919EF8A00B8684A = {
			isa = PBXGroup;
			children = (
				046E53DC2919EF8A00B8684A /* TestInput */,
				046E53ED2919EF8C00B8684A /* TestInputTests */,
				046E53F72919EF8C00B8684A /* TestInputUITests */,
				046E53DB2919EF8A00B8684A /* Products */,
			);
			sourceTree = "<group>";
		};
		046E53DB2919EF8A00B8684A /* Products */ = {
			isa = PBXGroup;
			children = (
				046E53DA2919EF8A00B8684A /* TestInput.app */,
				046E53EA2919EF8C00B8684A /* TestInputTests.xctest */,
				046E53F42919EF8C00B8684A /* TestInputUITests.xctest */,
			);
			name = Products;
			sourceTree = "<group>";
		};
		046E53DC2919EF8A00B8684A /* TestInput */ = {
			isa = PBXGroup;
			children = (
				046E53DD2919EF8A00B8684A /* TestInputApp.swift */,
				046E53DF2919EF8A00B8684A /* ContentView.swift */,
				046E5409291A38EB00B8684A /* TestView.swift */,
				046E540D291A3E9600B8684A /* SelectDate.swift */,
				046E540B291A3DAE00B8684A /* StepColorChange.swift */,
				0445474B291BABCA00DDCA20 /* StepColorChange2.swift */,
				04E35274291E3A72002F8056 /* StepColorChange3.swift */,
				046E540F291A3FF900B8684A /* CreateList.swift */,
				046E5411291A44F900B8684A /* TestInputNumber.swift */,
				04E35276291E5E89002F8056 /* SwiftUICalculateTest.swift */,
				04E35278291E6237002F8056 /* StudyTotals.swift */,
				046E5413291A674F00B8684A /* TestInputNumber2.swift */,
				046E53E12919EF8C00B8684A /* Assets.xcassets */,
				046E53E32919EF8C00B8684A /* Preview Content */,
			);
			path = TestInput;
			sourceTree = "<group>";
		};
		046E53E32919EF8C00B8684A /* Preview Content */ = {
			isa = PBXGroup;
			children = (
				046E53E42919EF8C00B8684A /* Preview Assets.xcassets */,
			);
			path = "Preview Content";
			sourceTree = "<group>";
		};
		046E53ED2919EF8C00B8684A /* TestInputTests */ = {
			isa = PBXGroup;
			children = (
				046E53EE2919EF8C00B8684A /* TestInputTests.swift */,
			);
			path = TestInputTests;
			sourceTree = "<group>";
		};
		046E53F72919EF8C00B8684A /* TestInputUITests */ = {
			isa = PBXGroup;
			children = (
				046E53F82919EF8C00B8684A /* TestInputUITests.swift */,
				046E53FA2919EF8C00B8684A /* TestInputUITestsLaunchTests.swift */,
			);
			path = TestInputUITests;
			sourceTree = "<group>";
		};
/* End PBXGroup section */

/* Begin PBXNativeTarget section */
		046E53D92919EF8A00B8684A /* TestInput */ = {
			isa = PBXNativeTarget;
			buildConfigurationList = 046E53FE2919EF8C00B8684A /* Build configuration list for PBXNativeTarget "TestInput" */;
			buildPhases = (
				046E53D62919EF8A00B8684A /* Sources */,
				046E53D72919EF8A00B8684A /* Frameworks */,
				046E53D82919EF8A00B8684A /* Resources */,
			);
			buildRules = (
			);
			dependencies = (
			);
			name = TestInput;
			productName = TestInput;
			productReference = 046E53DA2919EF8A00B8684A /* TestInput.app */;
			productType = "com.apple.product-type.application";
		};
		046E53E92919EF8C00B8684A /* TestInputTests */ = {
			isa = PBXNativeTarget;
			buildConfigurationList = 046E54012919EF8C00B8684A /* Build configuration list for PBXNativeTarget "TestInputTests" */;
			buildPhases = (
				046E53E62919EF8C00B8684A /* Sources */,
				046E53E72919EF8C00B8684A /* Frameworks */,
				046E53E82919EF8C00B8684A /* Resources */,
			);
			buildRules = (
			);
			dependencies = (
				046E53EC2919EF8C00B8684A /* PBXTargetDependency */,
			);
			name = TestInputTests;
			productName = TestInputTests;
			productReference = 046E53EA2919EF8C00B8684A /* TestInputTests.xctest */;
			productType = "com.apple.product-type.bundle.unit-test";
		};
		046E53F32919EF8C00B8684A /* TestInputUITests */ = {
			isa = PBXNativeTarget;
			buildConfigurationList = 046E54042919EF8C00B8684A /* Build configuration list for PBXNativeTarget "TestInputUITests" */;
			buildPhases = (
				046E53F02919EF8C00B8684A /* Sources */,
				046E53F12919EF8C00B8684A /* Frameworks */,
				046E53F22919EF8C00B8684A /* Resources */,
			);
			buildRules = (
			);
			dependencies = (
				046E53F62919EF8C00B8684A /* PBXTargetDependency */,
			);
			name = TestInputUITests;
			productName = TestInputUITests;
			productReference = 046E53F42919EF8C00B8684A /* TestInputUITests.xctest */;
			productType = "com.apple.product-type.bundle.ui-testing";
		};
/* End PBXNativeTarget section */

/* Begin PBXProject section */
		046E53D22919EF8A00B8684A /* Project object */ = {
			isa = PBXProject;
			attributes = {
				BuildIndependentTargetsInParallel = 1;
				LastSwiftUpdateCheck = 1410;
				LastUpgradeCheck = 1410;
				TargetAttributes = {
					046E53D92919EF8A00B8684A = {
						CreatedOnToolsVersion = 14.1;
					};
					046E53E92919EF8C00B8684A = {
						CreatedOnToolsVersion = 14.1;
						TestTargetID = 046E53D92919EF8A00B8684A;
					};
					046E53F32919EF8C00B8684A = {
						CreatedOnToolsVersion = 14.1;
						TestTargetID = 046E53D92919EF8A00B8684A;
					};
				};
			};
			buildConfigurationList = 046E53D52919EF8A00B8684A /* Build configuration list for PBXProject "TestInput" */;
			compatibilityVersion = "Xcode 14.0";
			developmentRegion = en;
			hasScannedForEncodings = 0;
			knownRegions = (
				en,
				Base,
			);
			mainGroup = 046E53D12919EF8A00B8684A;
			productRefGroup = 046E53DB2919EF8A00B8684A /* Products */;
			projectDirPath = "";
			projectRoot = "";
			targets = (
				046E53D92919EF8A00B8684A /* TestInput */,
				046E53E92919EF8C00B8684A /* TestInputTests */,
				046E53F32919EF8C00B8684A /* TestInputUITests */,
			);
		};
/* End PBXProject section */

/* Begin PBXResourcesBuildPhase section */
		046E53D82919EF8A00B8684A /* Resources */ = {
			isa = PBXResourcesBuildPhase;
			buildActionMask = 2147483647;
			files = (
				046E53E52919EF8C00B8684A /* Preview Assets.xcassets in Resources */,
				046E53E22919EF8C00B8684A /* Assets.xcassets in Resources */,
			);
			runOnlyForDeploymentPostprocessing = 0;
		};
		046E53E82919EF8C00B8684A /* Resources */ = {
			isa = PBXResourcesBuildPhase;
			buildActionMask = 2147483647;
			files = (
			);
			runOnlyForDeploymentPostprocessing = 0;
		};
		046E53F22919EF8C00B8684A /* Resources */ = {
			isa = PBXResourcesBuildPhase;
			buildActionMask = 2147483647;
			files = (
			);
			runOnlyForDeploymentPostprocessing = 0;
		};
/* End PBXResourcesBuildPhase section */

/* Begin PBXSourcesBuildPhase section */
		046E53D62919EF8A00B8684A /* Sources */ = {
			isa = PBXSourcesBuildPhase;
			buildActionMask = 2147483647;
			files = (
				046E540A291A38EB00B8684A /* TestView.swift in Sources */,
				04E35277291E5E89002F8056 /* SwiftUICalculateTest.swift in Sources */,
				04E35275291E3A72002F8056 /* StepColorChange3.swift in Sources */,
				046E540C291A3DAE00B8684A /* StepColorChange.swift in Sources */,
				04E35279291E6237002F8056 /* StudyTotals.swift in Sources */,
				0445474C291BABCA00DDCA20 /* StepColorChange2.swift in Sources */,
				046E53E02919EF8A00B8684A /* ContentView.swift in Sources */,
				046E540E291A3E9600B8684A /* SelectDate.swift in Sources */,
				046E5414291A674F00B8684A /* TestInputNumber2.swift in Sources */,
				046E53DE2919EF8A00B8684A /* TestInputApp.swift in Sources */,
				046E5410291A3FF900B8684A /* CreateList.swift in Sources */,
				046E5412291A44F900B8684A /* TestInputNumber.swift in Sources */,
			);
			runOnlyForDeploymentPostprocessing = 0;
		};
		046E53E62919EF8C00B8684A /* Sources */ = {
			isa = PBXSourcesBuildPhase;
			buildActionMask = 2147483647;
			files = (
				046E53EF2919EF8C00B8684A /* TestInputTests.swift in Sources */,
			);
			runOnlyForDeploymentPostprocessing = 0;
		};
		046E53F02919EF8C00B8684A /* Sources */ = {
			isa = PBXSourcesBuildPhase;
			buildActionMask = 2147483647;
			files = (
				046E53F92919EF8C00B8684A /* TestInputUITests.swift in Sources */,
				046E53FB2919EF8C00B8684A /* TestInputUITestsLaunchTests.swift in Sources */,
			);
			runOnlyForDeploymentPostprocessing = 0;
		};
/* End PBXSourcesBuildPhase section */

/* Begin PBXTargetDependency section */
		046E53EC2919EF8C00B8684A /* PBXTargetDependency */ = {
			isa = PBXTargetDependency;
			target = 046E53D92919EF8A00B8684A /* TestInput */;
			targetProxy = 046E53EB2919EF8C00B8684A /* PBXContainerItemProxy */;
		};
		046E53F62919EF8C00B8684A /* PBXTargetDependency */ = {
			isa = PBXTargetDependency;
			target = 046E53D92919EF8A00B8684A /* TestInput */;
			targetProxy = 046E53F52919EF8C00B8684A /* PBXContainerItemProxy */;
		};
/* End PBXTargetDependency section */

/* Begin XCBuildConfiguration section */
		046E53FC2919EF8C00B8684A /* Debug */ = {
			isa = XCBuildConfiguration;
			buildSettings = {
				ALWAYS_SEARCH_USER_PATHS = NO;
				CLANG_ANALYZER_NONNULL = YES;
				CLANG_ANALYZER_NUMBER_OBJECT_CONVERSION = YES_AGGRESSIVE;
				CLANG_CXX_LANGUAGE_STANDARD = "gnu++20";
				CLANG_ENABLE_MODULES = YES;
				CLANG_ENABLE_OBJC_ARC = YES;
				CLANG_ENABLE_OBJC_WEAK = YES;
				CLANG_WARN_BLOCK_CAPTURE_AUTORELEASING = YES;
				CLANG_WARN_BOOL_CONVERSION = YES;
				CLANG_WARN_COMMA = YES;
				CLANG_WARN_CONSTANT_CONVERSION = YES;
				CLANG_WARN_DEPRECATED_OBJC_IMPLEMENTATIONS = YES;
				CLANG_WARN_DIRECT_OBJC_ISA_USAGE = YES_ERROR;
				CLANG_WARN_DOCUMENTATION_COMMENTS = YES;
				CLANG_WARN_EMPTY_BODY = YES;
				CLANG_WARN_ENUM_CONVERSION = YES;
				CLANG_WARN_INFINITE_RECURSION = YES;
				CLANG_WARN_INT_CONVERSION = YES;
				CLANG_WARN_NON_LITERAL_NULL_CONVERSION = YES;
				CLANG_WARN_OBJC_IMPLICIT_RETAIN_SELF = YES;
				CLANG_WARN_OBJC_LITERAL_CONVERSION = YES;
				CLANG_WARN_OBJC_ROOT_CLASS = YES_ERROR;
				CLANG_WARN_QUOTED_INCLUDE_IN_FRAMEWORK_HEADER = YES;
				CLANG_WARN_RANGE_LOOP_ANALYSIS = YES;
				CLANG_WARN_STRICT_PROTOTYPES = YES;
				CLANG_WARN_SUSPICIOUS_MOVE = YES;
				CLANG_WARN_UNGUARDED_AVAILABILITY = YES_AGGRESSIVE;
				CLANG_WARN_UNREACHABLE_CODE = YES;
				CLANG_WARN__DUPLICATE_METHOD_MATCH = YES;
				COPY_PHASE_STRIP = NO;
				DEBUG_INFORMATION_FORMAT = dwarf;
				ENABLE_STRICT_OBJC_MSGSEND = YES;
				ENABLE_TESTABILITY = YES;
				GCC_C_LANGUAGE_STANDARD = gnu11;
				GCC_DYNAMIC_NO_PIC = NO;
				GCC_NO_COMMON_BLOCKS = YES;
				GCC_OPTIMIZATION_LEVEL = 0;
				GCC_PREPROCESSOR_DEFINITIONS = (
					"DEBUG=1",
					"$(inherited)",
				);
				GCC_WARN_64_TO_32_BIT_CONVERSION = YES;
				GCC_WARN_ABOUT_RETURN_TYPE = YES_ERROR;
				GCC_WARN_UNDECLARED_SELECTOR = YES;
				GCC_WARN_UNINITIALIZED_AUTOS = YES_AGGRESSIVE;
				GCC_WARN_UNUSED_FUNCTION = YES;
				GCC_WARN_UNUSED_VARIABLE = YES;
				IPHONEOS_DEPLOYMENT_TARGET = 16.1;
				MTL_ENABLE_DEBUG_INFO = INCLUDE_SOURCE;
				MTL_FAST_MATH = YES;
				ONLY_ACTIVE_ARCH = YES;
				SDKROOT = iphoneos;
				SWIFT_ACTIVE_COMPILATION_CONDITIONS = DEBUG;
				SWIFT_OPTIMIZATION_LEVEL = "-Onone";
			};
			name = Debug;
		};
		046E53FD2919EF8C00B8684A /* Release */ = {
			isa = XCBuildConfiguration;
			buildSettings = {
				ALWAYS_SEARCH_USER_PATHS = NO;
				CLANG_ANALYZER_NONNULL = YES;
				CLANG_ANALYZER_NUMBER_OBJECT_CONVERSION = YES_AGGRESSIVE;
				CLANG_CXX_LANGUAGE_STANDARD = "gnu++20";
				CLANG_ENABLE_MODULES = YES;
				CLANG_ENABLE_OBJC_ARC = YES;
				CLANG_ENABLE_OBJC_WEAK = YES;
				CLANG_WARN_BLOCK_CAPTURE_AUTORELEASING = YES;
				CLANG_WARN_BOOL_CONVERSION = YES;
				CLANG_WARN_COMMA = YES;
				CLANG_WARN_CONSTANT_CONVERSION = YES;
				CLANG_WARN_DEPRECATED_OBJC_IMPLEMENTATIONS = YES;
				CLANG_WARN_DIRECT_OBJC_ISA_USAGE = YES_ERROR;
				CLANG_WARN_DOCUMENTATION_COMMENTS = YES;
				CLANG_WARN_EMPTY_BODY = YES;
				CLANG_WARN_ENUM_CONVERSION = YES;
				CLANG_WARN_INFINITE_RECURSION = YES;
				CLANG_WARN_INT_CONVERSION = YES;
				CLANG_WARN_NON_LITERAL_NULL_CONVERSION = YES;
				CLANG_WARN_OBJC_IMPLICIT_RETAIN_SELF = YES;
				CLANG_WARN_OBJC_LITERAL_CONVERSION = YES;
				CLANG_WARN_OBJC_ROOT_CLASS = YES_ERROR;
				CLANG_WARN_QUOTED_INCLUDE_IN_FRAMEWORK_HEADER = YES;
				CLANG_WARN_RANGE_LOOP_ANALYSIS = YES;
				CLANG_WARN_STRICT_PROTOTYPES = YES;
				CLANG_WARN_SUSPICIOUS_MOVE = YES;
				CLANG_WARN_UNGUARDED_AVAILABILITY = YES_AGGRESSIVE;
				CLANG_WARN_UNREACHABLE_CODE = YES;
				CLANG_WARN__DUPLICATE_METHOD_MATCH = YES;
				COPY_PHASE_STRIP = NO;
				DEBUG_INFORMATION_FORMAT = "dwarf-with-dsym";
				ENABLE_NS_ASSERTIONS = NO;
				ENABLE_STRICT_OBJC_MSGSEND = YES;
				GCC_C_LANGUAGE_STANDARD = gnu11;
				GCC_NO_COMMON_BLOCKS = YES;
				GCC_WARN_64_TO_32_BIT_CONVERSION = YES;
				GCC_WARN_ABOUT_RETURN_TYPE = YES_ERROR;
				GCC_WARN_UNDECLARED_SELECTOR = YES;
				GCC_WARN_UNINITIALIZED_AUTOS = YES_AGGRESSIVE;
				GCC_WARN_UNUSED_FUNCTION = YES;
				GCC_WARN_UNUSED_VARIABLE = YES;
				IPHONEOS_DEPLOYMENT_TARGET = 16.1;
				MTL_ENABLE_DEBUG_INFO = NO;
				MTL_FAST_MATH = YES;
				SDKROOT = iphoneos;
				SWIFT_COMPILATION_MODE = wholemodule;
				SWIFT_OPTIMIZATION_LEVEL = "-O";
				VALIDATE_PRODUCT = YES;
			};
			name = Release;
		};
		046E53FF2919EF8C00B8684A /* Debug */ = {
			isa = XCBuildConfiguration;
			buildSettings = {
				ASSETCATALOG_COMPILER_APPICON_NAME = AppIcon;
				ASSETCATALOG_COMPILER_GLOBAL_ACCENT_COLOR_NAME = AccentColor;
				CODE_SIGN_STYLE = Automatic;
				CURRENT_PROJECT_VERSION = 1;
				DEVELOPMENT_ASSET_PATHS = "\"TestInput/Preview Content\"";
				DEVELOPMENT_TEAM = 9ZAW69Y6RG;
				ENABLE_PREVIEWS = YES;
				GENERATE_INFOPLIST_FILE = YES;
				INFOPLIST_KEY_UIApplicationSceneManifest_Generation = YES;
				INFOPLIST_KEY_UIApplicationSupportsIndirectInputEvents = YES;
				INFOPLIST_KEY_UILaunchScreen_Generation = YES;
				INFOPLIST_KEY_UISupportedInterfaceOrientations_iPad = "UIInterfaceOrientationPortrait UIInterfaceOrientationPortraitUpsideDown UIInterfaceOrientationLandscapeLeft UIInterfaceOrientationLandscapeRight";
				INFOPLIST_KEY_UISupportedInterfaceOrientations_iPhone = "UIInterfaceOrientationPortrait UIInterfaceOrientationLandscapeLeft UIInterfaceOrientationLandscapeRight";
				LD_RUNPATH_SEARCH_PATHS = (
					"$(inherited)",
					"@executable_path/Frameworks",
				);
				MARKETING_VERSION = 1.0;
				PRODUCT_BUNDLE_IDENTIFIER = reuniony.com.TestInput;
				PRODUCT_NAME = "$(TARGET_NAME)";
				SWIFT_EMIT_LOC_STRINGS = YES;
				SWIFT_VERSION = 5.0;
				TARGETED_DEVICE_FAMILY = "1,2";
			};
			name = Debug;
		};
		046E54002919EF8C00B8684A /* Release */ = {
			isa = XCBuildConfiguration;
			buildSettings = {
				ASSETCATALOG_COMPILER_APPICON_NAME = AppIcon;
				ASSETCATALOG_COMPILER_GLOBAL_ACCENT_COLOR_NAME = AccentColor;
				CODE_SIGN_STYLE = Automatic;
				CURRENT_PROJECT_VERSION = 1;
				DEVELOPMENT_ASSET_PATHS = "\"TestInput/Preview Content\"";
				DEVELOPMENT_TEAM = 9ZAW69Y6RG;
				ENABLE_PREVIEWS = YES;
				GENERATE_INFOPLIST_FILE = YES;
				INFOPLIST_KEY_UIApplicationSceneManifest_Generation = YES;
				INFOPLIST_KEY_UIApplicationSupportsIndirectInputEvents = YES;
				INFOPLIST_KEY_UILaunchScreen_Generation = YES;
				INFOPLIST_KEY_UISupportedInterfaceOrientations_iPad = "UIInterfaceOrientationPortrait UIInterfaceOrientationPortraitUpsideDown UIInterfaceOrientationLandscapeLeft UIInterfaceOrientationLandscapeRight";
				INFOPLIST_KEY_UISupportedInterfaceOrientations_iPhone = "UIInterfaceOrientationPortrait UIInterfaceOrientationLandscapeLeft UIInterfaceOrientationLandscapeRight";
				LD_RUNPATH_SEARCH_PATHS = (
					"$(inherited)",
					"@executable_path/Frameworks",
				);
				MARKETING_VERSION = 1.0;
				PRODUCT_BUNDLE_IDENTIFIER = reuniony.com.TestInput;
				PRODUCT_NAME = "$(TARGET_NAME)";
				SWIFT_EMIT_LOC_STRINGS = YES;
				SWIFT_VERSION = 5.0;
				TARGETED_DEVICE_FAMILY = "1,2";
			};
			name = Release;
		};
		046E54022919EF8C00B8684A /* Debug */ = {
			isa = XCBuildConfiguration;
			buildSettings = {
				ALWAYS_EMBED_SWIFT_STANDARD_LIBRARIES = YES;
				BUNDLE_LOADER = "$(TEST_HOST)";
				CODE_SIGN_STYLE = Automatic;
				CURRENT_PROJECT_VERSION = 1;
				DEVELOPMENT_TEAM = 9ZAW69Y6RG;
				GENERATE_INFOPLIST_FILE = YES;
				IPHONEOS_DEPLOYMENT_TARGET = 16.1;
				MARKETING_VERSION = 1.0;
				PRODUCT_BUNDLE_IDENTIFIER = reuniony.com.TestInputTests;
				PRODUCT_NAME = "$(TARGET_NAME)";
				SWIFT_EMIT_LOC_STRINGS = NO;
				SWIFT_VERSION = 5.0;
				TARGETED_DEVICE_FAMILY = "1,2";
				TEST_HOST = "$(BUILT_PRODUCTS_DIR)/TestInput.app/$(BUNDLE_EXECUTABLE_FOLDER_PATH)/TestInput";
			};
			name = Debug;
		};
		046E54032919EF8C00B8684A /* Release */ = {
			isa = XCBuildConfiguration;
			buildSettings = {
				ALWAYS_EMBED_SWIFT_STANDARD_LIBRARIES = YES;
				BUNDLE_LOADER = "$(TEST_HOST)";
				CODE_SIGN_STYLE = Automatic;
				CURRENT_PROJECT_VERSION = 1;
				DEVELOPMENT_TEAM = 9ZAW69Y6RG;
				GENERATE_INFOPLIST_FILE = YES;
				IPHONEOS_DEPLOYMENT_TARGET = 16.1;
				MARKETING_VERSION = 1.0;
				PRODUCT_BUNDLE_IDENTIFIER = reuniony.com.TestInputTests;
				PRODUCT_NAME = "$(TARGET_NAME)";
				SWIFT_EMIT_LOC_STRINGS = NO;
				SWIFT_VERSION = 5.0;
				TARGETED_DEVICE_FAMILY = "1,2";
				TEST_HOST = "$(BUILT_PRODUCTS_DIR)/TestInput.app/$(BUNDLE_EXECUTABLE_FOLDER_PATH)/TestInput";
			};
			name = Release;
		};
		046E54052919EF8C00B8684A /* Debug */ = {
			isa = XCBuildConfiguration;
			buildSettings = {
				ALWAYS_EMBED_SWIFT_STANDARD_LIBRARIES = YES;
				CODE_SIGN_STYLE = Automatic;
				CURRENT_PROJECT_VERSION = 1;
				DEVELOPMENT_TEAM = 9ZAW69Y6RG;
				GENERATE_INFOPLIST_FILE = YES;
				MARKETING_VERSION = 1.0;
				PRODUCT_BUNDLE_IDENTIFIER = reuniony.com.TestInputUITests;
				PRODUCT_NAME = "$(TARGET_NAME)";
				SWIFT_EMIT_LOC_STRINGS = NO;
				SWIFT_VERSION = 5.0;
				TARGETED_DEVICE_FAMILY = "1,2";
				TEST_TARGET_NAME = TestInput;
			};
			name = Debug;
		};
		046E54062919EF8C00B8684A /* Release */ = {
			isa = XCBuildConfiguration;
			buildSettings = {
				ALWAYS_EMBED_SWIFT_STANDARD_LIBRARIES = YES;
				CODE_SIGN_STYLE = Automatic;
				CURRENT_PROJECT_VERSION = 1;
				DEVELOPMENT_TEAM = 9ZAW69Y6RG;
				GENERATE_INFOPLIST_FILE = YES;
				MARKETING_VERSION = 1.0;
				PRODUCT_BUNDLE_IDENTIFIER = reuniony.com.TestInputUITests;
				PRODUCT_NAME = "$(TARGET_NAME)";
				SWIFT_EMIT_LOC_STRINGS = NO;
				SWIFT_VERSION = 5.0;
				TARGETED_DEVICE_FAMILY = "1,2";
				TEST_TARGET_NAME = TestInput;
			};
			name = Release;
		};
/* End XCBuildConfiguration section */

/* Begin XCConfigurationList section */
		046E53D52919EF8A00B8684A /* Build configuration list for PBXProject "TestInput" */ = {
			isa = XCConfigurationList;
			buildConfigurations = (
				046E53FC2919EF8C00B8684A /* Debug */,
				046E53FD2919EF8C00B8684A /* Release */,
			);
			defaultConfigurationIsVisible = 0;
			defaultConfigurationName = Release;
		};
		046E53FE2919EF8C00B8684A /* Build configuration list for PBXNativeTarget "TestInput" */ = {
			isa = XCConfigurationList;
			buildConfigurations = (
				046E53FF2919EF8C00B8684A /* Debug */,
				046E54002919EF8C00B8684A /* Release */,
			);
			defaultConfigurationIsVisible = 0;
			defaultConfigurationName = Release;
		};
		046E54012919EF8C00B8684A /* Build configuration list for PBXNativeTarget "TestInputTests" */ = {
			isa = XCConfigurationList;
			buildConfigurations = (
				046E54022919EF8C00B8684A /* Debug */,
				046E54032919EF8C00B8684A /* Release */,
			);
			defaultConfigurationIsVisible = 0;
			defaultConfigurationName = Release;
		};
		046E54042919EF8C00B8684A /* Build configuration list for PBXNativeTarget "TestInputUITests" */ = {
			isa = XCConfigurationList;
			buildConfigurations = (
				046E54052919EF8C00B8684A /* Debug */,
				046E54062919EF8C00B8684A /* Release */,
			);
			defaultConfigurationIsVisible = 0;
			defaultConfigurationName = Release;
		};
/* End XCConfigurationList section */
	};
	rootObject = 046E53D22919EF8A00B8684A /* Project object */;
}
